<?xml version="1.0" encoding="UTF-8"?>
<!DOCTYPE plist PUBLIC "-//Apple//DTD PLIST 1.0//EN" "http://www.apple.com/DTDs/PropertyList-1.0.dtd">
<plist version="1.0">
<dict>
	<key>archiveVersion</key>
	<string>1</string>
	<key>classes</key>
	<dict/>
	<key>objectVersion</key>
	<string>46</string>
	<key>objects</key>
	<dict>
		<key>31A88CB28ED59E68E6537049</key>
		<dict>
			<key>children</key>
			<array>
				<string>74E11E6D474B77198C0634C6</string>
			</array>
			<key>isa</key>
			<string>PBXGroup</string>
			<key>name</key>
			<string>Frameworks</string>
			<key>sourceTree</key>
			<string>&lt;group&gt;</string>
		</dict>
		<key>58E4912528B3FDDE34B67BE4</key>
		<dict>
			<key>buildActionMask</key>
			<string>2147483647</string>
			<key>files</key>
			<array/>
			<key>inputPaths</key>
			<array/>
			<key>isa</key>
			<string>PBXShellScriptBuildPhase</string>
			<key>name</key>
			<string>Check Pods Manifest.lock</string>
			<key>outputPaths</key>
			<array/>
			<key>runOnlyForDeploymentPostprocessing</key>
			<string>0</string>
			<key>shellPath</key>
			<string>/bin/sh</string>
			<key>shellScript</key>
			<string>diff "${PODS_ROOT}/../Podfile.lock" "${PODS_ROOT}/Manifest.lock" &gt; /dev/null
if [[ $? != 0 ]] ; then
    cat &lt;&lt; EOM
error: The sandbox is not in sync with the Podfile.lock. Run 'pod install' or update your CocoaPods installation.
EOM
    exit 1
fi
</string>
			<key>showEnvVarsInLog</key>
			<string>0</string>
		</dict>
		<key>5AB95055AEA027489ECF835D</key>
		<dict>
			<key>children</key>
			<array>
				<string>F4C8ACC5A847F090AF29E334</string>
				<string>EF494BFC93982599D5661D92</string>
			</array>
			<key>isa</key>
			<string>PBXGroup</string>
			<key>name</key>
			<string>Pods</string>
			<key>sourceTree</key>
			<string>&lt;group&gt;</string>
		</dict>
		<key>5F8C59E736F02394A4BD8E09</key>
		<dict>
			<key>fileRef</key>
			<string>74E11E6D474B77198C0634C6</string>
			<key>isa</key>
			<string>PBXBuildFile</string>
		</dict>
		<key>74E11E6D474B77198C0634C6</key>
		<dict>
			<key>explicitFileType</key>
			<string>archive.ar</string>
			<key>includeInIndex</key>
			<string>0</string>
			<key>isa</key>
			<string>PBXFileReference</string>
			<key>path</key>
			<string>libPods.a</string>
			<key>sourceTree</key>
			<string>BUILT_PRODUCTS_DIR</string>
		</dict>
		<key>82744A813F700B37CC45A39B</key>
		<dict>
			<key>buildActionMask</key>
			<string>2147483647</string>
			<key>files</key>
			<array/>
			<key>inputPaths</key>
			<array/>
			<key>isa</key>
			<string>PBXShellScriptBuildPhase</string>
			<key>name</key>
			<string>Copy Pods Resources</string>
			<key>outputPaths</key>
			<array/>
			<key>runOnlyForDeploymentPostprocessing</key>
			<string>0</string>
			<key>shellPath</key>
			<string>/bin/sh</string>
			<key>shellScript</key>
			<string>"${SRCROOT}/Pods/Target Support Files/Pods/Pods-resources.sh"
</string>
			<key>showEnvVarsInLog</key>
			<string>0</string>
		</dict>
		<key>82B91FB219FE479E004F4B05</key>
		<dict>
			<key>fileEncoding</key>
			<string>4</string>
			<key>isa</key>
			<string>PBXFileReference</string>
			<key>lastKnownFileType</key>
			<string>sourcecode.c.h</string>
			<key>path</key>
			<string>TestFailedJob.h</string>
			<key>sourceTree</key>
			<string>&lt;group&gt;</string>
		</dict>
		<key>82B91FB319FE479E004F4B05</key>
		<dict>
			<key>fileEncoding</key>
			<string>4</string>
			<key>isa</key>
			<string>PBXFileReference</string>
			<key>lastKnownFileType</key>
			<string>sourcecode.c.objc</string>
			<key>path</key>
			<string>TestFailedJob.m</string>
			<key>sourceTree</key>
			<string>&lt;group&gt;</string>
		</dict>
		<key>82B91FB419FE479E004F4B05</key>
		<dict>
			<key>fileRef</key>
			<string>82B91FB319FE479E004F4B05</string>
			<key>isa</key>
			<string>PBXBuildFile</string>
		</dict>
		<key>82B91FB519FE47B0004F4B05</key>
		<dict>
			<key>fileEncoding</key>
			<string>4</string>
			<key>isa</key>
			<string>PBXFileReference</string>
			<key>lastKnownFileType</key>
			<string>sourcecode.c.h</string>
			<key>path</key>
			<string>TestSuccJob.h</string>
			<key>sourceTree</key>
			<string>&lt;group&gt;</string>
		</dict>
		<key>82B91FB619FE47B0004F4B05</key>
		<dict>
			<key>fileEncoding</key>
			<string>4</string>
			<key>isa</key>
			<string>PBXFileReference</string>
			<key>lastKnownFileType</key>
			<string>sourcecode.c.objc</string>
			<key>path</key>
			<string>TestSuccJob.m</string>
			<key>sourceTree</key>
			<string>&lt;group&gt;</string>
		</dict>
		<key>82B91FB719FE47B0004F4B05</key>
		<dict>
			<key>fileRef</key>
			<string>82B91FB619FE47B0004F4B05</string>
			<key>isa</key>
			<string>PBXBuildFile</string>
		</dict>
		<key>82B91FB819FE482D004F4B05</key>
		<dict>
			<key>fileEncoding</key>
			<string>4</string>
			<key>isa</key>
			<string>PBXFileReference</string>
			<key>lastKnownFileType</key>
			<string>sourcecode.c.h</string>
			<key>path</key>
			<string>TestJobTracker.h</string>
			<key>sourceTree</key>
			<string>&lt;group&gt;</string>
		</dict>
		<key>82B91FB919FE482D004F4B05</key>
		<dict>
			<key>fileEncoding</key>
			<string>4</string>
			<key>isa</key>
			<string>PBXFileReference</string>
			<key>lastKnownFileType</key>
			<string>sourcecode.c.objc</string>
			<key>path</key>
			<string>TestJobTracker.m</string>
			<key>sourceTree</key>
			<string>&lt;group&gt;</string>
		</dict>
		<key>82B91FBA19FE482D004F4B05</key>
		<dict>
			<key>fileRef</key>
			<string>82B91FB919FE482D004F4B05</string>
			<key>isa</key>
			<string>PBXBuildFile</string>
		</dict>
		<key>82B91FBF19FF3658004F4B05</key>
		<dict>
			<key>fileEncoding</key>
			<string>4</string>
			<key>isa</key>
			<string>PBXFileReference</string>
			<key>lastKnownFileType</key>
			<string>sourcecode.c.h</string>
			<key>path</key>
			<string>LxJobExecutor.h</string>
			<key>sourceTree</key>
			<string>&lt;group&gt;</string>
		</dict>
		<key>82B91FC019FF3658004F4B05</key>
		<dict>
			<key>fileEncoding</key>
			<string>4</string>
			<key>isa</key>
			<string>PBXFileReference</string>
			<key>lastKnownFileType</key>
			<string>sourcecode.c.objc</string>
			<key>path</key>
			<string>LxJobExecutor.m</string>
			<key>sourceTree</key>
			<string>&lt;group&gt;</string>
		</dict>
		<key>82B91FC219FF7122004F4B05</key>
		<dict>
			<key>fileEncoding</key>
			<string>4</string>
			<key>isa</key>
			<string>PBXFileReference</string>
			<key>lastKnownFileType</key>
			<string>sourcecode.c.objc</string>
			<key>path</key>
			<string>JobExecutorTest.m</string>
			<key>sourceTree</key>
			<string>&lt;group&gt;</string>
		</dict>
		<key>82B91FC319FF7122004F4B05</key>
		<dict>
			<key>fileRef</key>
			<string>82B91FC219FF7122004F4B05</string>
			<key>isa</key>
			<string>PBXBuildFile</string>
		</dict>
		<key>82B91FC419FF845E004F4B05</key>
		<dict>
			<key>fileRef</key>
			<string>82B91FC019FF3658004F4B05</string>
			<key>isa</key>
			<string>PBXBuildFile</string>
		</dict>
		<key>82B91FC71A00BA59004F4B05</key>
		<dict>
			<key>children</key>
			<array>
				<string>82B91FC81A00BA59004F4B05</string>
			</array>
			<key>currentVersion</key>
			<string>82B91FC81A00BA59004F4B05</string>
			<key>isa</key>
			<string>XCVersionGroup</string>
			<key>path</key>
			<string>JobModel.xcdatamodeld</string>
			<key>sourceTree</key>
			<string>&lt;group&gt;</string>
			<key>versionGroupType</key>
			<string>wrapper.xcdatamodel</string>
		</dict>
		<key>82B91FC81A00BA59004F4B05</key>
		<dict>
			<key>isa</key>
			<string>PBXFileReference</string>
			<key>lastKnownFileType</key>
			<string>wrapper.xcdatamodel</string>
			<key>path</key>
			<string>JobModel.xcdatamodel</string>
			<key>sourceTree</key>
			<string>&lt;group&gt;</string>
		</dict>
		<key>82B91FC91A00BA59004F4B05</key>
		<dict>
			<key>fileRef</key>
			<string>82B91FC71A00BA59004F4B05</string>
			<key>isa</key>
			<string>PBXBuildFile</string>
		</dict>
		<key>82B91FCA1A00BACC004F4B05</key>
		<dict>
			<key>fileEncoding</key>
			<string>4</string>
			<key>isa</key>
			<string>PBXFileReference</string>
			<key>lastKnownFileType</key>
			<string>sourcecode.c.h</string>
			<key>path</key>
			<string>LxJobEntity.h</string>
			<key>sourceTree</key>
			<string>&lt;group&gt;</string>
		</dict>
		<key>82B91FCB1A00BACC004F4B05</key>
		<dict>
			<key>fileEncoding</key>
			<string>4</string>
			<key>isa</key>
			<string>PBXFileReference</string>
			<key>lastKnownFileType</key>
			<string>sourcecode.c.objc</string>
			<key>path</key>
			<string>LxJobEntity.m</string>
			<key>sourceTree</key>
			<string>&lt;group&gt;</string>
		</dict>
		<key>82B91FCC1A00BACC004F4B05</key>
		<dict>
			<key>fileRef</key>
			<string>82B91FCB1A00BACC004F4B05</string>
			<key>isa</key>
			<string>PBXBuildFile</string>
		</dict>
		<key>82B91FCD1A00BB58004F4B05</key>
		<dict>
			<key>fileEncoding</key>
			<string>4</string>
			<key>isa</key>
			<string>PBXFileReference</string>
			<key>lastKnownFileType</key>
			<string>sourcecode.c.h</string>
			<key>path</key>
			<string>LxJobQueueCoreData.h</string>
			<key>sourceTree</key>
			<string>&lt;group&gt;</string>
		</dict>
		<key>82B91FCE1A00BB58004F4B05</key>
		<dict>
			<key>fileEncoding</key>
			<string>4</string>
			<key>isa</key>
			<string>PBXFileReference</string>
			<key>lastKnownFileType</key>
			<string>sourcecode.c.objc</string>
			<key>path</key>
			<string>LxJobQueueCoreData.m</string>
			<key>sourceTree</key>
			<string>&lt;group&gt;</string>
		</dict>
		<key>82B91FCF1A00BB58004F4B05</key>
		<dict>
			<key>fileRef</key>
			<string>82B91FCE1A00BB58004F4B05</string>
			<key>isa</key>
			<string>PBXBuildFile</string>
		</dict>
		<key>82B91FD01A00C00C004F4B05</key>
		<dict>
			<key>fileEncoding</key>
			<string>4</string>
			<key>isa</key>
			<string>PBXFileReference</string>
			<key>lastKnownFileType</key>
			<string>sourcecode.c.objc</string>
			<key>path</key>
			<string>JobQueueCoreDataTest.m</string>
			<key>sourceTree</key>
			<string>&lt;group&gt;</string>
		</dict>
		<key>82B91FD11A00C00C004F4B05</key>
		<dict>
			<key>fileRef</key>
			<string>82B91FD01A00C00C004F4B05</string>
			<key>isa</key>
			<string>PBXBuildFile</string>
		</dict>
		<key>A303719F19F89623007A875D</key>
		<dict>
			<key>children</key>
			<array>
				<string>A30371D419F89643007A875D</string>
				<string>A30371AA19F89623007A875D</string>
				<string>A30371C719F89624007A875D</string>
				<string>A30371A919F89623007A875D</string>
				<string>5AB95055AEA027489ECF835D</string>
				<string>31A88CB28ED59E68E6537049</string>
			</array>
			<key>isa</key>
			<string>PBXGroup</string>
			<key>sourceTree</key>
			<string>&lt;group&gt;</string>
		</dict>
		<key>A30371A019F89623007A875D</key>
		<dict>
			<key>attributes</key>
			<dict>
				<key>LastUpgradeCheck</key>
				<string>0600</string>
				<key>ORGANIZATIONNAME</key>
				<string>lxtap</string>
				<key>TargetAttributes</key>
				<dict>
					<key>A30371A719F89623007A875D</key>
					<dict>
						<key>CreatedOnToolsVersion</key>
						<string>6.0.1</string>
					</dict>
					<key>A30371C319F89624007A875D</key>
					<dict>
						<key>CreatedOnToolsVersion</key>
						<string>6.0.1</string>
						<key>TestTargetID</key>
						<string>A30371A719F89623007A875D</string>
					</dict>
				</dict>
			</dict>
			<key>buildConfigurationList</key>
			<string>A30371A319F89623007A875D</string>
			<key>compatibilityVersion</key>
			<string>Xcode 3.2</string>
			<key>developmentRegion</key>
			<string>English</string>
			<key>hasScannedForEncodings</key>
			<string>0</string>
			<key>isa</key>
			<string>PBXProject</string>
			<key>knownRegions</key>
			<array>
				<string>en</string>
				<string>Base</string>
			</array>
			<key>mainGroup</key>
			<string>A303719F19F89623007A875D</string>
			<key>productRefGroup</key>
			<string>A30371A919F89623007A875D</string>
			<key>projectDirPath</key>
			<string></string>
			<key>projectReferences</key>
			<array/>
			<key>projectRoot</key>
			<string></string>
			<key>targets</key>
			<array>
				<string>A30371A719F89623007A875D</string>
				<string>A30371C319F89624007A875D</string>
			</array>
		</dict>
		<key>A30371A319F89623007A875D</key>
		<dict>
			<key>buildConfigurations</key>
			<array>
				<string>A30371CC19F89624007A875D</string>
				<string>A30371CD19F89624007A875D</string>
			</array>
			<key>defaultConfigurationIsVisible</key>
			<string>0</string>
			<key>defaultConfigurationName</key>
			<string>Release</string>
			<key>isa</key>
			<string>XCConfigurationList</string>
		</dict>
		<key>A30371A419F89623007A875D</key>
		<dict>
			<key>buildActionMask</key>
			<string>2147483647</string>
			<key>files</key>
			<array>
				<string>82B91FC419FF845E004F4B05</string>
				<string>A30371B119F89623007A875D</string>
				<string>A30371DC19F89643007A875D</string>
				<string>82B91FC91A00BA59004F4B05</string>
				<string>82B91FCF1A00BB58004F4B05</string>
				<string>82B91FCC1A00BACC004F4B05</string>
				<string>A30371DB19F89643007A875D</string>
				<string>A30371AE19F89623007A875D</string>
				<string>A30371DD19F89643007A875D</string>
				<string>A30371B719F89623007A875D</string>
				<string>A30371B419F89623007A875D</string>
			</array>
			<key>isa</key>
			<string>PBXSourcesBuildPhase</string>
			<key>runOnlyForDeploymentPostprocessing</key>
			<string>0</string>
		</dict>
		<key>A30371A519F89623007A875D</key>
		<dict>
			<key>buildActionMask</key>
			<string>2147483647</string>
			<key>files</key>
			<array>
				<string>5F8C59E736F02394A4BD8E09</string>
			</array>
			<key>isa</key>
			<string>PBXFrameworksBuildPhase</string>
			<key>runOnlyForDeploymentPostprocessing</key>
			<string>0</string>
		</dict>
		<key>A30371A619F89623007A875D</key>
		<dict>
			<key>buildActionMask</key>
			<string>2147483647</string>
			<key>files</key>
			<array>
				<string>A30371BA19F89623007A875D</string>
				<string>A30371BF19F89623007A875D</string>
				<string>A30371BC19F89623007A875D</string>
			</array>
			<key>isa</key>
			<string>PBXResourcesBuildPhase</string>
			<key>runOnlyForDeploymentPostprocessing</key>
			<string>0</string>
		</dict>
		<key>A30371A719F89623007A875D</key>
		<dict>
			<key>buildConfigurationList</key>
			<string>A30371CE19F89624007A875D</string>
			<key>buildPhases</key>
			<array>
				<string>58E4912528B3FDDE34B67BE4</string>
				<string>A30371A419F89623007A875D</string>
				<string>A30371A519F89623007A875D</string>
				<string>A30371A619F89623007A875D</string>
				<string>82744A813F700B37CC45A39B</string>
			</array>
			<key>buildRules</key>
			<array/>
			<key>dependencies</key>
			<array/>
			<key>isa</key>
			<string>PBXNativeTarget</string>
			<key>name</key>
			<string>iOSPriorityJobQueue</string>
			<key>productName</key>
			<string>iOSPriorityJobQueue</string>
			<key>productReference</key>
			<string>A30371A819F89623007A875D</string>
			<key>productType</key>
			<string>com.apple.product-type.application</string>
		</dict>
		<key>A30371A819F89623007A875D</key>
		<dict>
			<key>explicitFileType</key>
			<string>wrapper.application</string>
			<key>includeInIndex</key>
			<string>0</string>
			<key>isa</key>
			<string>PBXFileReference</string>
			<key>path</key>
			<string>iOSPriorityJobQueue.app</string>
			<key>sourceTree</key>
			<string>BUILT_PRODUCTS_DIR</string>
		</dict>
		<key>A30371A919F89623007A875D</key>
		<dict>
			<key>children</key>
			<array>
				<string>A30371A819F89623007A875D</string>
				<string>A30371C419F89624007A875D</string>
			</array>
			<key>isa</key>
			<string>PBXGroup</string>
			<key>name</key>
			<string>Products</string>
			<key>sourceTree</key>
			<string>&lt;group&gt;</string>
		</dict>
		<key>A30371AA19F89623007A875D</key>
		<dict>
			<key>children</key>
			<array>
				<string>A30371AF19F89623007A875D</string>
				<string>A30371B019F89623007A875D</string>
				<string>A30371B519F89623007A875D</string>
				<string>A30371B619F89623007A875D</string>
				<string>A30371B819F89623007A875D</string>
				<string>A30371BB19F89623007A875D</string>
				<string>A30371BD19F89623007A875D</string>
				<string>A30371B219F89623007A875D</string>
				<string>A30371AB19F89623007A875D</string>
			</array>
			<key>isa</key>
			<string>PBXGroup</string>
			<key>path</key>
			<string>iOSPriorityJobQueue</string>
			<key>sourceTree</key>
			<string>&lt;group&gt;</string>
		</dict>
		<key>A30371AB19F89623007A875D</key>
		<dict>
			<key>children</key>
			<array>
				<string>A30371AC19F89623007A875D</string>
				<string>A30371AD19F89623007A875D</string>
			</array>
			<key>isa</key>
			<string>PBXGroup</string>
			<key>name</key>
			<string>Supporting Files</string>
			<key>sourceTree</key>
			<string>&lt;group&gt;</string>
		</dict>
		<key>A30371AC19F89623007A875D</key>
		<dict>
			<key>isa</key>
			<string>PBXFileReference</string>
			<key>lastKnownFileType</key>
			<string>text.plist.xml</string>
			<key>path</key>
			<string>Info.plist</string>
			<key>sourceTree</key>
			<string>&lt;group&gt;</string>
		</dict>
		<key>A30371AD19F89623007A875D</key>
		<dict>
			<key>isa</key>
			<string>PBXFileReference</string>
			<key>lastKnownFileType</key>
			<string>sourcecode.c.objc</string>
			<key>path</key>
			<string>main.m</string>
			<key>sourceTree</key>
			<string>&lt;group&gt;</string>
		</dict>
		<key>A30371AE19F89623007A875D</key>
		<dict>
			<key>fileRef</key>
			<string>A30371AD19F89623007A875D</string>
			<key>isa</key>
			<string>PBXBuildFile</string>
		</dict>
		<key>A30371AF19F89623007A875D</key>
		<dict>
			<key>isa</key>
			<string>PBXFileReference</string>
			<key>lastKnownFileType</key>
			<string>sourcecode.c.h</string>
			<key>path</key>
			<string>AppDelegate.h</string>
			<key>sourceTree</key>
			<string>&lt;group&gt;</string>
		</dict>
		<key>A30371B019F89623007A875D</key>
		<dict>
			<key>isa</key>
			<string>PBXFileReference</string>
			<key>lastKnownFileType</key>
			<string>sourcecode.c.objc</string>
			<key>path</key>
			<string>AppDelegate.m</string>
			<key>sourceTree</key>
			<string>&lt;group&gt;</string>
		</dict>
		<key>A30371B119F89623007A875D</key>
		<dict>
			<key>fileRef</key>
			<string>A30371B019F89623007A875D</string>
			<key>isa</key>
			<string>PBXBuildFile</string>
		</dict>
		<key>A30371B219F89623007A875D</key>
		<dict>
			<key>children</key>
			<array>
				<string>A30371B319F89623007A875D</string>
			</array>
			<key>currentVersion</key>
			<string>A30371B319F89623007A875D</string>
			<key>isa</key>
			<string>XCVersionGroup</string>
			<key>path</key>
			<string>iOSPriorityJobQueue.xcdatamodeld</string>
			<key>sourceTree</key>
			<string>&lt;group&gt;</string>
			<key>versionGroupType</key>
			<string>wrapper.xcdatamodel</string>
		</dict>
		<key>A30371B319F89623007A875D</key>
		<dict>
			<key>isa</key>
			<string>PBXFileReference</string>
			<key>lastKnownFileType</key>
			<string>wrapper.xcdatamodel</string>
			<key>path</key>
			<string>iOSPriorityJobQueue.xcdatamodel</string>
			<key>sourceTree</key>
			<string>&lt;group&gt;</string>
		</dict>
		<key>A30371B419F89623007A875D</key>
		<dict>
			<key>fileRef</key>
			<string>A30371B219F89623007A875D</string>
			<key>isa</key>
			<string>PBXBuildFile</string>
		</dict>
		<key>A30371B519F89623007A875D</key>
		<dict>
			<key>isa</key>
			<string>PBXFileReference</string>
			<key>lastKnownFileType</key>
			<string>sourcecode.c.h</string>
			<key>path</key>
			<string>ViewController.h</string>
			<key>sourceTree</key>
			<string>&lt;group&gt;</string>
		</dict>
		<key>A30371B619F89623007A875D</key>
		<dict>
			<key>isa</key>
			<string>PBXFileReference</string>
			<key>lastKnownFileType</key>
			<string>sourcecode.c.objc</string>
			<key>path</key>
			<string>ViewController.m</string>
			<key>sourceTree</key>
			<string>&lt;group&gt;</string>
		</dict>
		<key>A30371B719F89623007A875D</key>
		<dict>
			<key>fileRef</key>
			<string>A30371B619F89623007A875D</string>
			<key>isa</key>
			<string>PBXBuildFile</string>
		</dict>
		<key>A30371B819F89623007A875D</key>
		<dict>
			<key>children</key>
			<array>
				<string>A30371B919F89623007A875D</string>
			</array>
			<key>isa</key>
			<string>PBXVariantGroup</string>
			<key>name</key>
			<string>Main.storyboard</string>
			<key>sourceTree</key>
			<string>&lt;group&gt;</string>
		</dict>
		<key>A30371B919F89623007A875D</key>
		<dict>
			<key>isa</key>
			<string>PBXFileReference</string>
			<key>lastKnownFileType</key>
			<string>file.storyboard</string>
			<key>name</key>
			<string>Base</string>
			<key>path</key>
			<string>Base.lproj/Main.storyboard</string>
			<key>sourceTree</key>
			<string>&lt;group&gt;</string>
		</dict>
		<key>A30371BA19F89623007A875D</key>
		<dict>
			<key>fileRef</key>
			<string>A30371B819F89623007A875D</string>
			<key>isa</key>
			<string>PBXBuildFile</string>
		</dict>
		<key>A30371BB19F89623007A875D</key>
		<dict>
			<key>isa</key>
			<string>PBXFileReference</string>
			<key>lastKnownFileType</key>
			<string>folder.assetcatalog</string>
			<key>path</key>
			<string>Images.xcassets</string>
			<key>sourceTree</key>
			<string>&lt;group&gt;</string>
		</dict>
		<key>A30371BC19F89623007A875D</key>
		<dict>
			<key>fileRef</key>
			<string>A30371BB19F89623007A875D</string>
			<key>isa</key>
			<string>PBXBuildFile</string>
		</dict>
		<key>A30371BD19F89623007A875D</key>
		<dict>
			<key>children</key>
			<array>
				<string>A30371BE19F89623007A875D</string>
			</array>
			<key>isa</key>
			<string>PBXVariantGroup</string>
			<key>name</key>
			<string>LaunchScreen.xib</string>
			<key>sourceTree</key>
			<string>&lt;group&gt;</string>
		</dict>
		<key>A30371BE19F89623007A875D</key>
		<dict>
			<key>isa</key>
			<string>PBXFileReference</string>
			<key>lastKnownFileType</key>
			<string>file.xib</string>
			<key>name</key>
			<string>Base</string>
			<key>path</key>
			<string>Base.lproj/LaunchScreen.xib</string>
			<key>sourceTree</key>
			<string>&lt;group&gt;</string>
		</dict>
		<key>A30371BF19F89623007A875D</key>
		<dict>
			<key>fileRef</key>
			<string>A30371BD19F89623007A875D</string>
			<key>isa</key>
			<string>PBXBuildFile</string>
		</dict>
		<key>A30371C019F89624007A875D</key>
		<dict>
			<key>buildActionMask</key>
			<string>2147483647</string>
			<key>files</key>
			<array>
				<string>82B91FD11A00C00C004F4B05</string>
				<string>82B91FC319FF7122004F4B05</string>
				<string>82B91FB719FE47B0004F4B05</string>
				<string>A30371CB19F89624007A875D</string>
				<string>82B91FBA19FE482D004F4B05</string>
				<string>82B91FB419FE479E004F4B05</string>
				<string>A30371E119F896B2007A875D</string>
			</array>
			<key>isa</key>
			<string>PBXSourcesBuildPhase</string>
			<key>runOnlyForDeploymentPostprocessing</key>
			<string>0</string>
		</dict>
		<key>A30371C119F89624007A875D</key>
		<dict>
			<key>buildActionMask</key>
			<string>2147483647</string>
			<key>files</key>
			<array/>
			<key>isa</key>
			<string>PBXFrameworksBuildPhase</string>
			<key>runOnlyForDeploymentPostprocessing</key>
			<string>0</string>
		</dict>
		<key>A30371C219F89624007A875D</key>
		<dict>
			<key>buildActionMask</key>
			<string>2147483647</string>
			<key>files</key>
			<array/>
			<key>isa</key>
			<string>PBXResourcesBuildPhase</string>
			<key>runOnlyForDeploymentPostprocessing</key>
			<string>0</string>
		</dict>
		<key>A30371C319F89624007A875D</key>
		<dict>
			<key>buildConfigurationList</key>
			<string>A30371D119F89624007A875D</string>
			<key>buildPhases</key>
			<array>
				<string>A30371C019F89624007A875D</string>
				<string>A30371C119F89624007A875D</string>
				<string>A30371C219F89624007A875D</string>
			</array>
			<key>buildRules</key>
			<array/>
			<key>dependencies</key>
			<array>
				<string>A30371C619F89624007A875D</string>
			</array>
			<key>isa</key>
			<string>PBXNativeTarget</string>
			<key>name</key>
			<string>iOSPriorityJobQueueTests</string>
			<key>productName</key>
			<string>iOSPriorityJobQueueTests</string>
			<key>productReference</key>
			<string>A30371C419F89624007A875D</string>
			<key>productType</key>
			<string>com.apple.product-type.bundle.unit-test</string>
		</dict>
		<key>A30371C419F89624007A875D</key>
		<dict>
			<key>explicitFileType</key>
			<string>wrapper.cfbundle</string>
			<key>includeInIndex</key>
			<string>0</string>
			<key>isa</key>
			<string>PBXFileReference</string>
			<key>path</key>
			<string>iOSPriorityJobQueueTests.xctest</string>
			<key>sourceTree</key>
			<string>BUILT_PRODUCTS_DIR</string>
		</dict>
		<key>A30371C519F89624007A875D</key>
		<dict>
			<key>containerPortal</key>
			<string>A30371A019F89623007A875D</string>
			<key>isa</key>
			<string>PBXContainerItemProxy</string>
			<key>proxyType</key>
			<string>1</string>
			<key>remoteGlobalIDString</key>
			<string>A30371A719F89623007A875D</string>
			<key>remoteInfo</key>
			<string>iOSPriorityJobQueue</string>
		</dict>
		<key>A30371C619F89624007A875D</key>
		<dict>
			<key>isa</key>
			<string>PBXTargetDependency</string>
			<key>target</key>
			<string>A30371A719F89623007A875D</string>
			<key>targetProxy</key>
			<string>A30371C519F89624007A875D</string>
		</dict>
		<key>A30371C719F89624007A875D</key>
		<dict>
			<key>children</key>
			<array>
				<string>A30371DE19F896B2007A875D</string>
				<string>A30371CA19F89624007A875D</string>
				<string>82B91FD01A00C00C004F4B05</string>
				<string>82B91FC219FF7122004F4B05</string>
				<string>82B91FB519FE47B0004F4B05</string>
				<string>82B91FB619FE47B0004F4B05</string>
				<string>82B91FB219FE479E004F4B05</string>
				<string>82B91FB319FE479E004F4B05</string>
				<string>82B91FB819FE482D004F4B05</string>
				<string>82B91FB919FE482D004F4B05</string>
				<string>A30371C819F89624007A875D</string>
			</array>
			<key>isa</key>
			<string>PBXGroup</string>
			<key>path</key>
			<string>iOSPriorityJobQueueTests</string>
			<key>sourceTree</key>
			<string>&lt;group&gt;</string>
		</dict>
		<key>A30371C819F89624007A875D</key>
		<dict>
			<key>children</key>
			<array>
				<string>A30371C919F89624007A875D</string>
			</array>
			<key>isa</key>
			<string>PBXGroup</string>
			<key>name</key>
			<string>Supporting Files</string>
			<key>sourceTree</key>
			<string>&lt;group&gt;</string>
		</dict>
		<key>A30371C919F89624007A875D</key>
		<dict>
			<key>isa</key>
			<string>PBXFileReference</string>
			<key>lastKnownFileType</key>
			<string>text.plist.xml</string>
			<key>path</key>
			<string>Info.plist</string>
			<key>sourceTree</key>
			<string>&lt;group&gt;</string>
		</dict>
		<key>A30371CA19F89624007A875D</key>
		<dict>
			<key>isa</key>
			<string>PBXFileReference</string>
			<key>lastKnownFileType</key>
			<string>sourcecode.c.objc</string>
			<key>path</key>
			<string>iOSPriorityJobQueueTests.m</string>
			<key>sourceTree</key>
			<string>&lt;group&gt;</string>
		</dict>
		<key>A30371CB19F89624007A875D</key>
		<dict>
			<key>fileRef</key>
			<string>A30371CA19F89624007A875D</string>
			<key>isa</key>
			<string>PBXBuildFile</string>
		</dict>
		<key>A30371CC19F89624007A875D</key>
		<dict>
			<key>buildSettings</key>
			<dict>
				<key>ALWAYS_SEARCH_USER_PATHS</key>
				<string>NO</string>
				<key>CLANG_CXX_LANGUAGE_STANDARD</key>
				<string>gnu++0x</string>
				<key>CLANG_CXX_LIBRARY</key>
				<string>libc++</string>
				<key>CLANG_ENABLE_MODULES</key>
				<string>YES</string>
				<key>CLANG_ENABLE_OBJC_ARC</key>
				<string>YES</string>
				<key>CLANG_WARN_BOOL_CONVERSION</key>
				<string>YES</string>
				<key>CLANG_WARN_CONSTANT_CONVERSION</key>
				<string>YES</string>
				<key>CLANG_WARN_DIRECT_OBJC_ISA_USAGE</key>
				<string>YES_ERROR</string>
				<key>CLANG_WARN_EMPTY_BODY</key>
				<string>YES</string>
				<key>CLANG_WARN_ENUM_CONVERSION</key>
				<string>YES</string>
				<key>CLANG_WARN_INT_CONVERSION</key>
				<string>YES</string>
				<key>CLANG_WARN_OBJC_ROOT_CLASS</key>
				<string>YES_ERROR</string>
				<key>CLANG_WARN_UNREACHABLE_CODE</key>
				<string>YES</string>
				<key>CLANG_WARN__DUPLICATE_METHOD_MATCH</key>
				<string>YES</string>
				<key>CODE_SIGN_IDENTITY[sdk=iphoneos*]</key>
				<string>iPhone Developer</string>
				<key>COPY_PHASE_STRIP</key>
				<string>NO</string>
				<key>ENABLE_STRICT_OBJC_MSGSEND</key>
				<string>YES</string>
				<key>GCC_C_LANGUAGE_STANDARD</key>
				<string>gnu99</string>
				<key>GCC_DYNAMIC_NO_PIC</key>
				<string>NO</string>
				<key>GCC_OPTIMIZATION_LEVEL</key>
				<string>0</string>
				<key>GCC_PREPROCESSOR_DEFINITIONS</key>
				<array>
					<string>DEBUG=1</string>
					<string>$(inherited)</string>
				</array>
				<key>GCC_SYMBOLS_PRIVATE_EXTERN</key>
				<string>NO</string>
				<key>GCC_WARN_64_TO_32_BIT_CONVERSION</key>
				<string>YES</string>
				<key>GCC_WARN_ABOUT_RETURN_TYPE</key>
				<string>YES_ERROR</string>
				<key>GCC_WARN_UNDECLARED_SELECTOR</key>
				<string>YES</string>
				<key>GCC_WARN_UNINITIALIZED_AUTOS</key>
				<string>YES_AGGRESSIVE</string>
				<key>GCC_WARN_UNUSED_FUNCTION</key>
				<string>YES</string>
				<key>GCC_WARN_UNUSED_VARIABLE</key>
				<string>YES</string>
				<key>IPHONEOS_DEPLOYMENT_TARGET</key>
				<string>8.0</string>
				<key>MTL_ENABLE_DEBUG_INFO</key>
				<string>YES</string>
				<key>ONLY_ACTIVE_ARCH</key>
				<string>YES</string>
				<key>SDKROOT</key>
				<string>iphoneos</string>
			</dict>
			<key>isa</key>
			<string>XCBuildConfiguration</string>
			<key>name</key>
			<string>Debug</string>
		</dict>
		<key>A30371CD19F89624007A875D</key>
		<dict>
			<key>buildSettings</key>
			<dict>
				<key>ALWAYS_SEARCH_USER_PATHS</key>
				<string>NO</string>
				<key>CLANG_CXX_LANGUAGE_STANDARD</key>
				<string>gnu++0x</string>
				<key>CLANG_CXX_LIBRARY</key>
				<string>libc++</string>
				<key>CLANG_ENABLE_MODULES</key>
				<string>YES</string>
				<key>CLANG_ENABLE_OBJC_ARC</key>
				<string>YES</string>
				<key>CLANG_WARN_BOOL_CONVERSION</key>
				<string>YES</string>
				<key>CLANG_WARN_CONSTANT_CONVERSION</key>
				<string>YES</string>
				<key>CLANG_WARN_DIRECT_OBJC_ISA_USAGE</key>
				<string>YES_ERROR</string>
				<key>CLANG_WARN_EMPTY_BODY</key>
				<string>YES</string>
				<key>CLANG_WARN_ENUM_CONVERSION</key>
				<string>YES</string>
				<key>CLANG_WARN_INT_CONVERSION</key>
				<string>YES</string>
				<key>CLANG_WARN_OBJC_ROOT_CLASS</key>
				<string>YES_ERROR</string>
				<key>CLANG_WARN_UNREACHABLE_CODE</key>
				<string>YES</string>
				<key>CLANG_WARN__DUPLICATE_METHOD_MATCH</key>
				<string>YES</string>
				<key>CODE_SIGN_IDENTITY[sdk=iphoneos*]</key>
				<string>iPhone Developer</string>
				<key>COPY_PHASE_STRIP</key>
				<string>YES</string>
				<key>ENABLE_NS_ASSERTIONS</key>
				<string>NO</string>
				<key>ENABLE_STRICT_OBJC_MSGSEND</key>
				<string>YES</string>
				<key>GCC_C_LANGUAGE_STANDARD</key>
				<string>gnu99</string>
				<key>GCC_WARN_64_TO_32_BIT_CONVERSION</key>
				<string>YES</string>
				<key>GCC_WARN_ABOUT_RETURN_TYPE</key>
				<string>YES_ERROR</string>
				<key>GCC_WARN_UNDECLARED_SELECTOR</key>
				<string>YES</string>
				<key>GCC_WARN_UNINITIALIZED_AUTOS</key>
				<string>YES_AGGRESSIVE</string>
				<key>GCC_WARN_UNUSED_FUNCTION</key>
				<string>YES</string>
				<key>GCC_WARN_UNUSED_VARIABLE</key>
				<string>YES</string>
				<key>IPHONEOS_DEPLOYMENT_TARGET</key>
				<string>8.0</string>
				<key>MTL_ENABLE_DEBUG_INFO</key>
				<string>NO</string>
				<key>SDKROOT</key>
				<string>iphoneos</string>
				<key>VALIDATE_PRODUCT</key>
				<string>YES</string>
			</dict>
			<key>isa</key>
			<string>XCBuildConfiguration</string>
			<key>name</key>
			<string>Release</string>
		</dict>
		<key>A30371CE19F89624007A875D</key>
		<dict>
			<key>buildConfigurations</key>
			<array>
				<string>A30371CF19F89624007A875D</string>
				<string>A30371D019F89624007A875D</string>
			</array>
			<key>defaultConfigurationIsVisible</key>
			<string>0</string>
			<key>defaultConfigurationName</key>
			<string>Release</string>
			<key>isa</key>
			<string>XCConfigurationList</string>
		</dict>
		<key>A30371CF19F89624007A875D</key>
		<dict>
			<key>baseConfigurationReference</key>
			<string>F4C8ACC5A847F090AF29E334</string>
			<key>buildSettings</key>
			<dict>
				<key>ASSETCATALOG_COMPILER_APPICON_NAME</key>
				<string>AppIcon</string>
				<key>INFOPLIST_FILE</key>
				<string>iOSPriorityJobQueue/Info.plist</string>
				<key>IPHONEOS_DEPLOYMENT_TARGET</key>
				<string>7.0</string>
				<key>LD_RUNPATH_SEARCH_PATHS</key>
				<string>$(inherited) @executable_path/Frameworks</string>
				<key>PRODUCT_NAME</key>
				<string>$(TARGET_NAME)</string>
			</dict>
			<key>isa</key>
			<string>XCBuildConfiguration</string>
			<key>name</key>
			<string>Debug</string>
		</dict>
		<key>A30371D019F89624007A875D</key>
		<dict>
			<key>baseConfigurationReference</key>
			<string>EF494BFC93982599D5661D92</string>
			<key>buildSettings</key>
			<dict>
				<key>ASSETCATALOG_COMPILER_APPICON_NAME</key>
				<string>AppIcon</string>
				<key>INFOPLIST_FILE</key>
				<string>iOSPriorityJobQueue/Info.plist</string>
				<key>IPHONEOS_DEPLOYMENT_TARGET</key>
				<string>7.0</string>
				<key>LD_RUNPATH_SEARCH_PATHS</key>
				<string>$(inherited) @executable_path/Frameworks</string>
				<key>PRODUCT_NAME</key>
				<string>$(TARGET_NAME)</string>
			</dict>
			<key>isa</key>
			<string>XCBuildConfiguration</string>
			<key>name</key>
			<string>Release</string>
		</dict>
		<key>A30371D119F89624007A875D</key>
		<dict>
			<key>buildConfigurations</key>
			<array>
				<string>A30371D219F89624007A875D</string>
				<string>A30371D319F89624007A875D</string>
			</array>
			<key>defaultConfigurationIsVisible</key>
			<string>0</string>
			<key>defaultConfigurationName</key>
			<string>Release</string>
			<key>isa</key>
			<string>XCConfigurationList</string>
		</dict>
		<key>A30371D219F89624007A875D</key>
		<dict>
			<key>buildSettings</key>
			<dict>
				<key>BUNDLE_LOADER</key>
				<string>$(TEST_HOST)</string>
				<key>FRAMEWORK_SEARCH_PATHS</key>
				<array>
					<string>$(SDKROOT)/Developer/Library/Frameworks</string>
					<string>$(inherited)</string>
				</array>
				<key>GCC_PREPROCESSOR_DEFINITIONS</key>
				<array>
					<string>DEBUG=1</string>
					<string>$(inherited)</string>
				</array>
				<key>INFOPLIST_FILE</key>
				<string>iOSPriorityJobQueueTests/Info.plist</string>
				<key>LD_RUNPATH_SEARCH_PATHS</key>
				<string>$(inherited) @executable_path/Frameworks @loader_path/Frameworks</string>
				<key>PRODUCT_NAME</key>
				<string>$(TARGET_NAME)</string>
				<key>TEST_HOST</key>
				<string>$(BUILT_PRODUCTS_DIR)/iOSPriorityJobQueue.app/iOSPriorityJobQueue</string>
			</dict>
			<key>isa</key>
			<string>XCBuildConfiguration</string>
			<key>name</key>
			<string>Debug</string>
		</dict>
		<key>A30371D319F89624007A875D</key>
		<dict>
			<key>buildSettings</key>
			<dict>
				<key>BUNDLE_LOADER</key>
				<string>$(TEST_HOST)</string>
				<key>FRAMEWORK_SEARCH_PATHS</key>
				<array>
					<string>$(SDKROOT)/Developer/Library/Frameworks</string>
					<string>$(inherited)</string>
				</array>
				<key>INFOPLIST_FILE</key>
				<string>iOSPriorityJobQueueTests/Info.plist</string>
				<key>LD_RUNPATH_SEARCH_PATHS</key>
				<string>$(inherited) @executable_path/Frameworks @loader_path/Frameworks</string>
				<key>PRODUCT_NAME</key>
				<string>$(TARGET_NAME)</string>
				<key>TEST_HOST</key>
				<string>$(BUILT_PRODUCTS_DIR)/iOSPriorityJobQueue.app/iOSPriorityJobQueue</string>
			</dict>
			<key>isa</key>
			<string>XCBuildConfiguration</string>
			<key>name</key>
			<string>Release</string>
		</dict>
		<key>A30371D419F89643007A875D</key>
		<dict>
			<key>children</key>
			<array>
				<string>A30371D519F89643007A875D</string>
				<string>A30371D619F89643007A875D</string>
				<string>A30371D719F89643007A875D</string>
				<string>A30371D819F89643007A875D</string>
				<string>82B91FBF19FF3658004F4B05</string>
				<string>82B91FC019FF3658004F4B05</string>
				<string>A30371D919F89643007A875D</string>
				<string>A30371DA19F89643007A875D</string>
				<string>82B91FC71A00BA59004F4B05</string>
				<string>82B91FCA1A00BACC004F4B05</string>
				<string>82B91FCB1A00BACC004F4B05</string>
				<string>82B91FCD1A00BB58004F4B05</string>
				<string>82B91FCE1A00BB58004F4B05</string>
				<string>A3F3330019FFED0300B04217</string>
			</array>
			<key>isa</key>
			<string>PBXGroup</string>
			<key>path</key>
			<string>Classes</string>
			<key>sourceTree</key>
			<string>&lt;group&gt;</string>
		</dict>
		<key>A30371D519F89643007A875D</key>
		<dict>
			<key>fileEncoding</key>
			<string>4</string>
			<key>isa</key>
			<string>PBXFileReference</string>
			<key>lastKnownFileType</key>
			<string>sourcecode.c.h</string>
			<key>path</key>
			<string>LxJob.h</string>
			<key>sourceTree</key>
			<string>&lt;group&gt;</string>
		</dict>
		<key>A30371D619F89643007A875D</key>
		<dict>
			<key>fileEncoding</key>
			<string>4</string>
			<key>isa</key>
			<string>PBXFileReference</string>
			<key>lastKnownFileType</key>
			<string>sourcecode.c.objc</string>
			<key>path</key>
			<string>LxJob.m</string>
			<key>sourceTree</key>
			<string>&lt;group&gt;</string>
		</dict>
		<key>A30371D719F89643007A875D</key>
		<dict>
			<key>fileEncoding</key>
			<string>4</string>
			<key>isa</key>
			<string>PBXFileReference</string>
			<key>lastKnownFileType</key>
			<string>sourcecode.c.h</string>
			<key>path</key>
			<string>LxJobManager.h</string>
			<key>sourceTree</key>
			<string>&lt;group&gt;</string>
		</dict>
		<key>A30371D819F89643007A875D</key>
		<dict>
			<key>fileEncoding</key>
			<string>4</string>
			<key>isa</key>
			<string>PBXFileReference</string>
			<key>lastKnownFileType</key>
			<string>sourcecode.c.objc</string>
			<key>path</key>
			<string>LxJobManager.m</string>
			<key>sourceTree</key>
			<string>&lt;group&gt;</string>
		</dict>
		<key>A30371D919F89643007A875D</key>
		<dict>
			<key>fileEncoding</key>
			<string>4</string>
			<key>isa</key>
			<string>PBXFileReference</string>
			<key>lastKnownFileType</key>
			<string>sourcecode.c.h</string>
			<key>path</key>
			<string>LxPriorityQueue.h</string>
			<key>sourceTree</key>
			<string>&lt;group&gt;</string>
		</dict>
		<key>A30371DA19F89643007A875D</key>
		<dict>
			<key>fileEncoding</key>
			<string>4</string>
			<key>isa</key>
			<string>PBXFileReference</string>
			<key>lastKnownFileType</key>
			<string>sourcecode.c.objc</string>
			<key>path</key>
			<string>LxPriorityQueue.m</string>
			<key>sourceTree</key>
			<string>&lt;group&gt;</string>
		</dict>
		<key>A30371DB19F89643007A875D</key>
		<dict>
			<key>fileRef</key>
			<string>A30371D619F89643007A875D</string>
			<key>isa</key>
			<string>PBXBuildFile</string>
		</dict>
		<key>A30371DC19F89643007A875D</key>
		<dict>
			<key>fileRef</key>
			<string>A30371D819F89643007A875D</string>
			<key>isa</key>
			<string>PBXBuildFile</string>
		</dict>
		<key>A30371DD19F89643007A875D</key>
		<dict>
			<key>fileRef</key>
			<string>A30371DA19F89643007A875D</string>
			<key>isa</key>
			<string>PBXBuildFile</string>
		</dict>
		<key>A30371DE19F896B2007A875D</key>
		<dict>
			<key>fileEncoding</key>
			<string>4</string>
			<key>isa</key>
			<string>PBXFileReference</string>
			<key>lastKnownFileType</key>
			<string>sourcecode.c.objc</string>
			<key>path</key>
			<string>PriorityQueueTest.m</string>
			<key>sourceTree</key>
			<string>&lt;group&gt;</string>
		</dict>
		<key>A30371E119F896B2007A875D</key>
		<dict>
			<key>fileRef</key>
			<string>A30371DE19F896B2007A875D</string>
			<key>isa</key>
			<string>PBXBuildFile</string>
		</dict>
		<key>A3F3330019FFED0300B04217</key>
		<dict>
			<key>isa</key>
			<string>PBXFileReference</string>
			<key>lastKnownFileType</key>
			<string>sourcecode.c.h</string>
			<key>path</key>
			<string>LxJobConstant.h</string>
			<key>sourceTree</key>
			<string>&lt;group&gt;</string>
		</dict>
		<key>EF494BFC93982599D5661D92</key>
		<dict>
			<key>includeInIndex</key>
			<string>1</string>
			<key>isa</key>
			<string>PBXFileReference</string>
			<key>lastKnownFileType</key>
			<string>text.xcconfig</string>
			<key>name</key>
			<string>Pods.release.xcconfig</string>
			<key>path</key>
			<string>Pods/Target Support Files/Pods/Pods.release.xcconfig</string>
			<key>sourceTree</key>
			<string>&lt;group&gt;</string>
		</dict>
		<key>F4C8ACC5A847F090AF29E334</key>
		<dict>
			<key>includeInIndex</key>
			<string>1</string>
			<key>isa</key>
			<string>PBXFileReference</string>
			<key>lastKnownFileType</key>
			<string>text.xcconfig</string>
			<key>name</key>
			<string>Pods.debug.xcconfig</string>
			<key>path</key>
			<string>Pods/Target Support Files/Pods/Pods.debug.xcconfig</string>
			<key>sourceTree</key>
			<string>&lt;group&gt;</string>
		</dict>
	</dict>
	<key>rootObject</key>
	<string>A30371A019F89623007A875D</string>
</dict>
</plist>
